
Microsoft Visual Studio Solution File, Format Version 12.00
# Visual Studio Version 16
VisualStudioVersion = 16.0.30611.23
MinimumVisualStudioVersion = 10.0.40219.1
Project("{FAE04EC0-301F-11D3-BF4B-00C04F79EFBC}") = "Day-13-AddressBook", "Day-13-AddressBook\Day-13-AddressBook.csproj", "{250955CB-E914-42E2-95F1-35BFCD132AAB}"
EndProject
Global
	GlobalSection(SolutionConfigurationPlatforms) = preSolution
		Debug|Any CPU = Debug|Any CPU
		Release|Any CPU = Release|Any CPU
	EndGlobalSection
	GlobalSection(ProjectConfigurationPlatforms) = postSolution
		{250955CB-E914-42E2-95F1-35BFCD132AAB}.Debug|Any CPU.ActiveCfg = Debug|Any CPU
		{250955CB-E914-42E2-95F1-35BFCD132AAB}.Debug|Any CPU.Build.0 = Debug|Any CPU
		{250955CB-E914-42E2-95F1-35BFCD132AAB}.Release|Any CPU.ActiveCfg = Release|Any CPU
		{250955CB-E914-42E2-95F1-35BFCD132AAB}.Release|Any CPU.Build.0 = Release|Any CPU
	EndGlobalSection
	GlobalSection(SolutionProperties) = preSolution
		HideSolutionNode = FALSE
	EndGlobalSection
	GlobalSection(ExtensibilityGlobals) = postSolution
		SolutionGuid = {49F21E75-8E2C-4B1D-B884-2417B4D284ED}
	EndGlobalSection
EndGlobal
